{
  "requires": true,
  "lockfileVersion": 1,
  "dependencies": {
    "react-awesome-selector": {
      "version": "0.1.3",
      "resolved": "https://registry.npmjs.org/react-awesome-selector/-/react-awesome-selector-0.1.3.tgz",
      "integrity": "sha512-bRycpr1QhJBoqm4yQX7R4VbM1zm2/ShkvnXfG1LozuUQ3o8pqk+BaTORSnFvxlRTIl+dLZ1kRiykKJYqMmB38w=="
    }
  }
}
